
Microsoft Visual Studio Solution File, Format Version 12.00
# Visual Studio Version 16
VisualStudioVersion = 16.0.30523.141
MinimumVisualStudioVersion = 10.0.40219.1
Project("{FAE04EC0-301F-11D3-BF4B-00C04F79EFBC}") = "ChessApp", "ChessApp\ChessApp.csproj", "{98270F60-8C32-4CA0-998F-8AFE90D93121}"
EndProject
Global
	GlobalSection(SolutionConfigurationPlatforms) = preSolution
		Debug|Any CPU = Debug|Any CPU
		Release|Any CPU = Release|Any CPU
	EndGlobalSection
	GlobalSection(ProjectConfigurationPlatforms) = postSolution
		{98270F60-8C32-4CA0-998F-8AFE90D93121}.Debug|Any CPU.ActiveCfg = Debug|Any CPU
		{98270F60-8C32-4CA0-998F-8AFE90D93121}.Debug|Any CPU.Build.0 = Debug|Any CPU
		{98270F60-8C32-4CA0-998F-8AFE90D93121}.Release|Any CPU.ActiveCfg = Release|Any CPU
		{98270F60-8C32-4CA0-998F-8AFE90D93121}.Release|Any CPU.Build.0 = Release|Any CPU
	EndGlobalSection
	GlobalSection(SolutionProperties) = preSolution
		HideSolutionNode = FALSE
	EndGlobalSection
	GlobalSection(ExtensibilityGlobals) = postSolution
		SolutionGuid = {7F51B336-BEF7-4903-800E-933BA7E340D0}
	EndGlobalSection
EndGlobal
